
Microsoft Visual Studio Solution File, Format Version 12.00
# Visual Studio Version 16
VisualStudioVersion = 16.0.29926.136
MinimumVisualStudioVersion = 10.0.40219.1
Project("{9A19103F-16F7-4668-BE54-9A1E7A4F7556}") = "NetCoreApp", "NetCoreApp\NetCoreApp.csproj", "{1108DF4A-1E54-436B-A112-77F5658B75BE}"
EndProject
Project("{9A19103F-16F7-4668-BE54-9A1E7A4F7556}") = "ExternalTests", "ExternalTests\ExternalTests.csproj", "{DA696D8D-4E90-493D-811E-DB23086D5694}"
EndProject
Global
	GlobalSection(SolutionConfigurationPlatforms) = preSolution
		Debug|Any CPU = Debug|Any CPU
		Release|Any CPU = Release|Any CPU
	EndGlobalSection
	GlobalSection(ProjectConfigurationPlatforms) = postSolution
		{1108DF4A-1E54-436B-A112-77F5658B75BE}.Debug|Any CPU.ActiveCfg = Debug|Any CPU
		{1108DF4A-1E54-436B-A112-77F5658B75BE}.Debug|Any CPU.Build.0 = Debug|Any CPU
		{1108DF4A-1E54-436B-A112-77F5658B75BE}.Release|Any CPU.ActiveCfg = Release|Any CPU
		{1108DF4A-1E54-436B-A112-77F5658B75BE}.Release|Any CPU.Build.0 = Release|Any CPU
		{DA696D8D-4E90-493D-811E-DB23086D5694}.Debug|Any CPU.ActiveCfg = Debug|Any CPU
		{DA696D8D-4E90-493D-811E-DB23086D5694}.Debug|Any CPU.Build.0 = Debug|Any CPU
		{DA696D8D-4E90-493D-811E-DB23086D5694}.Release|Any CPU.ActiveCfg = Release|Any CPU
		{DA696D8D-4E90-493D-811E-DB23086D5694}.Release|Any CPU.Build.0 = Release|Any CPU
	EndGlobalSection
	GlobalSection(SolutionProperties) = preSolution
		HideSolutionNode = FALSE
	EndGlobalSection
	GlobalSection(ExtensibilityGlobals) = postSolution
		SolutionGuid = {08E5D0C7-F9A0-4900-8F76-E20BB28ECF87}
	EndGlobalSection
EndGlobal
